
Microsoft Visual Studio Solution File, Format Version 12.00
# Visual Studio Version 17
VisualStudioVersion = 17.8.34330.188
MinimumVisualStudioVersion = 10.0.40219.1
Project("{FAE04EC0-301F-11D3-BF4B-00C04F79EFBC}") = "Queue", "Queue\Queue.csproj", "{F2C1FAD6-6765-4071-A925-0F6D6B4E2F07}"
EndProject
Global
	GlobalSection(SolutionConfigurationPlatforms) = preSolution
		Debug|Any CPU = Debug|Any CPU
		Release|Any CPU = Release|Any CPU
	EndGlobalSection
	GlobalSection(ProjectConfigurationPlatforms) = postSolution
		{F2C1FAD6-6765-4071-A925-0F6D6B4E2F07}.Debug|Any CPU.ActiveCfg = Debug|Any CPU
		{F2C1FAD6-6765-4071-A925-0F6D6B4E2F07}.Debug|Any CPU.Build.0 = Debug|Any CPU
		{F2C1FAD6-6765-4071-A925-0F6D6B4E2F07}.Release|Any CPU.ActiveCfg = Release|Any CPU
		{F2C1FAD6-6765-4071-A925-0F6D6B4E2F07}.Release|Any CPU.Build.0 = Release|Any CPU
	EndGlobalSection
	GlobalSection(SolutionProperties) = preSolution
		HideSolutionNode = FALSE
	EndGlobalSection
	GlobalSection(ExtensibilityGlobals) = postSolution
		SolutionGuid = {B19DB2ED-C8C2-46A7-8040-E997EACEDD00}
	EndGlobalSection
EndGlobal
