
Microsoft Visual Studio Solution File, Format Version 12.00
# Visual Studio Version 17
VisualStudioVersion = 17.8.34330.188
MinimumVisualStudioVersion = 10.0.40219.1
Project("{FAE04EC0-301F-11D3-BF4B-00C04F79EFBC}") = "BFSImplementation", "BFSImplementation\BFSImplementation.csproj", "{71825FA1-8079-4D9D-9B00-F0637D578A41}"
EndProject
Global
	GlobalSection(SolutionConfigurationPlatforms) = preSolution
		Debug|Any CPU = Debug|Any CPU
		Release|Any CPU = Release|Any CPU
	EndGlobalSection
	GlobalSection(ProjectConfigurationPlatforms) = postSolution
		{71825FA1-8079-4D9D-9B00-F0637D578A41}.Debug|Any CPU.ActiveCfg = Debug|Any CPU
		{71825FA1-8079-4D9D-9B00-F0637D578A41}.Debug|Any CPU.Build.0 = Debug|Any CPU
		{71825FA1-8079-4D9D-9B00-F0637D578A41}.Release|Any CPU.ActiveCfg = Release|Any CPU
		{71825FA1-8079-4D9D-9B00-F0637D578A41}.Release|Any CPU.Build.0 = Release|Any CPU
	EndGlobalSection
	GlobalSection(SolutionProperties) = preSolution
		HideSolutionNode = FALSE
	EndGlobalSection
	GlobalSection(ExtensibilityGlobals) = postSolution
		SolutionGuid = {77959CD3-17BD-4FF9-9985-67C679CB8047}
	EndGlobalSection
EndGlobal
