
Microsoft Visual Studio Solution File, Format Version 12.00
# Visual Studio Version 17
VisualStudioVersion = 17.8.34330.188
MinimumVisualStudioVersion = 10.0.40219.1
Project("{FAE04EC0-301F-11D3-BF4B-00C04F79EFBC}") = "Parenthesis Checker", "Parenthesis Checker\Parenthesis Checker.csproj", "{48E2D068-CAE4-4BF2-91F5-3403F9DD86B8}"
EndProject
Global
	GlobalSection(SolutionConfigurationPlatforms) = preSolution
		Debug|Any CPU = Debug|Any CPU
		Release|Any CPU = Release|Any CPU
	EndGlobalSection
	GlobalSection(ProjectConfigurationPlatforms) = postSolution
		{48E2D068-CAE4-4BF2-91F5-3403F9DD86B8}.Debug|Any CPU.ActiveCfg = Debug|Any CPU
		{48E2D068-CAE4-4BF2-91F5-3403F9DD86B8}.Debug|Any CPU.Build.0 = Debug|Any CPU
		{48E2D068-CAE4-4BF2-91F5-3403F9DD86B8}.Release|Any CPU.ActiveCfg = Release|Any CPU
		{48E2D068-CAE4-4BF2-91F5-3403F9DD86B8}.Release|Any CPU.Build.0 = Release|Any CPU
	EndGlobalSection
	GlobalSection(SolutionProperties) = preSolution
		HideSolutionNode = FALSE
	EndGlobalSection
	GlobalSection(ExtensibilityGlobals) = postSolution
		SolutionGuid = {471C648D-15D8-4A60-B6F2-26A67B8A7D37}
	EndGlobalSection
EndGlobal
