
Microsoft Visual Studio Solution File, Format Version 12.00
# Visual Studio Version 17
VisualStudioVersion = 17.8.34330.188
MinimumVisualStudioVersion = 10.0.40219.1
Project("{FAE04EC0-301F-11D3-BF4B-00C04F79EFBC}") = "Implement Queue using Stacks", "Implement Queue using Stacks\Implement Queue using Stacks.csproj", "{FFF5F2D5-45FD-4F69-B6A2-B615907E4C88}"
EndProject
Global
	GlobalSection(SolutionConfigurationPlatforms) = preSolution
		Debug|Any CPU = Debug|Any CPU
		Release|Any CPU = Release|Any CPU
	EndGlobalSection
	GlobalSection(ProjectConfigurationPlatforms) = postSolution
		{FFF5F2D5-45FD-4F69-B6A2-B615907E4C88}.Debug|Any CPU.ActiveCfg = Debug|Any CPU
		{FFF5F2D5-45FD-4F69-B6A2-B615907E4C88}.Debug|Any CPU.Build.0 = Debug|Any CPU
		{FFF5F2D5-45FD-4F69-B6A2-B615907E4C88}.Release|Any CPU.ActiveCfg = Release|Any CPU
		{FFF5F2D5-45FD-4F69-B6A2-B615907E4C88}.Release|Any CPU.Build.0 = Release|Any CPU
	EndGlobalSection
	GlobalSection(SolutionProperties) = preSolution
		HideSolutionNode = FALSE
	EndGlobalSection
	GlobalSection(ExtensibilityGlobals) = postSolution
		SolutionGuid = {4FCEE308-259D-48B0-A5AB-9C50ADCA2132}
	EndGlobalSection
EndGlobal
