
Microsoft Visual Studio Solution File, Format Version 12.00
# Visual Studio Version 17
VisualStudioVersion = 17.13.35828.75 d17.13
MinimumVisualStudioVersion = 10.0.40219.1
Project("{FAE04EC0-301F-11D3-BF4B-00C04F79EFBC}") = "2696_MinStringLength", "2696_MinStringLength\2696_MinStringLength.csproj", "{2C563C49-458A-4BA9-A941-DE2F5AB843E7}"
EndProject
Global
	GlobalSection(SolutionConfigurationPlatforms) = preSolution
		Debug|Any CPU = Debug|Any CPU
		Release|Any CPU = Release|Any CPU
	EndGlobalSection
	GlobalSection(ProjectConfigurationPlatforms) = postSolution
		{2C563C49-458A-4BA9-A941-DE2F5AB843E7}.Debug|Any CPU.ActiveCfg = Debug|Any CPU
		{2C563C49-458A-4BA9-A941-DE2F5AB843E7}.Debug|Any CPU.Build.0 = Debug|Any CPU
		{2C563C49-458A-4BA9-A941-DE2F5AB843E7}.Release|Any CPU.ActiveCfg = Release|Any CPU
		{2C563C49-458A-4BA9-A941-DE2F5AB843E7}.Release|Any CPU.Build.0 = Release|Any CPU
	EndGlobalSection
	GlobalSection(SolutionProperties) = preSolution
		HideSolutionNode = FALSE
	EndGlobalSection
	GlobalSection(ExtensibilityGlobals) = postSolution
		SolutionGuid = {4ABE3700-8B5E-4491-9BF1-04336E6B8F54}
	EndGlobalSection
EndGlobal
