
Microsoft Visual Studio Solution File, Format Version 12.00
# Visual Studio Version 17
VisualStudioVersion = 17.8.34330.188
MinimumVisualStudioVersion = 10.0.40219.1
Project("{FAE04EC0-301F-11D3-BF4B-00C04F79EFBC}") = "First-Unique-Character-in a String", "First-Unique-Character-in a String\First-Unique-Character-in a String.csproj", "{3779BEEA-93C4-43D2-9C95-278B39D83ECE}"
EndProject
Global
	GlobalSection(SolutionConfigurationPlatforms) = preSolution
		Debug|Any CPU = Debug|Any CPU
		Release|Any CPU = Release|Any CPU
	EndGlobalSection
	GlobalSection(ProjectConfigurationPlatforms) = postSolution
		{3779BEEA-93C4-43D2-9C95-278B39D83ECE}.Debug|Any CPU.ActiveCfg = Debug|Any CPU
		{3779BEEA-93C4-43D2-9C95-278B39D83ECE}.Debug|Any CPU.Build.0 = Debug|Any CPU
		{3779BEEA-93C4-43D2-9C95-278B39D83ECE}.Release|Any CPU.ActiveCfg = Release|Any CPU
		{3779BEEA-93C4-43D2-9C95-278B39D83ECE}.Release|Any CPU.Build.0 = Release|Any CPU
	EndGlobalSection
	GlobalSection(SolutionProperties) = preSolution
		HideSolutionNode = FALSE
	EndGlobalSection
	GlobalSection(ExtensibilityGlobals) = postSolution
		SolutionGuid = {AF08440C-D9B8-4E8F-9214-4ADD602153B4}
	EndGlobalSection
EndGlobal
